
Microsoft Visual Studio Solution File, Format Version 12.00
# Visual Studio Version 17
VisualStudioVersion = 17.7.34202.233
MinimumVisualStudioVersion = 10.0.40219.1
Project("{FAE04EC0-301F-11D3-BF4B-00C04F79EFBC}") = "05hoadonbanmaytinh", "05hoadonbanmaytinh.csproj", "{E2FB4BA6-84FB-4C7E-9AA0-A8E22CB44ED9}"
EndProject
Global
	GlobalSection(SolutionConfigurationPlatforms) = preSolution
		Debug|Any CPU = Debug|Any CPU
		Release|Any CPU = Release|Any CPU
	EndGlobalSection
	GlobalSection(ProjectConfigurationPlatforms) = postSolution
		{E2FB4BA6-84FB-4C7E-9AA0-A8E22CB44ED9}.Debug|Any CPU.ActiveCfg = Debug|Any CPU
		{E2FB4BA6-84FB-4C7E-9AA0-A8E22CB44ED9}.Debug|Any CPU.Build.0 = Debug|Any CPU
		{E2FB4BA6-84FB-4C7E-9AA0-A8E22CB44ED9}.Release|Any CPU.ActiveCfg = Release|Any CPU
		{E2FB4BA6-84FB-4C7E-9AA0-A8E22CB44ED9}.Release|Any CPU.Build.0 = Release|Any CPU
	EndGlobalSection
	GlobalSection(SolutionProperties) = preSolution
		HideSolutionNode = FALSE
	EndGlobalSection
	GlobalSection(ExtensibilityGlobals) = postSolution
		SolutionGuid = {62917EC4-1686-4ED7-8B49-002364373672}
	EndGlobalSection
EndGlobal
